PODS:
  - Apollo (0.40.0):
    - Apollo/Core (= 0.40.0)
  - Apollo/Core (0.40.0)
  - Apollo/SQLite (0.40.0):
    - Apollo/Core
    - SQLite.swift (~> 0.12.2)
  - Apollo/WebSocket (0.40.0):
    - Apollo/Core
    - Starscream (~> 3.1.1)
  - SQLite.swift (0.12.2):
    - SQLite.swift/standard (= 0.12.2)
  - SQLite.swift/standard (0.12.2)
  - Starscream (3.1.1)

DEPENDENCIES:
  - Apollo
  - Apollo/SQLite
  - Apollo/WebSocket

SPEC REPOS:
  trunk:
    - Apollo
    - SQLite.swift
    - Starscream

SPEC CHECKSUMS:
  Apollo: 9fb70b598511a6212a81a34c00fa9bf8bac19a23
  SQLite.swift: d2b4642190917051ce6bd1d49aab565fe794eea3
  Starscream: 4bb2f9942274833f7b4d296a55504dcfc7edb7b0

PODFILE CHECKSUM: bb6b0888acaf3e3a6999aab25087861b6a965093

COCOAPODS: 1.9.2
